# THIS IS AN AUTOGENERATED FILE. DO NOT EDIT THIS FILE DIRECTLY.
# yarn lockfile v1


"@types/hls.js@^0.12.6":
  version "0.12.6"
  resolved "https://registry.yarnpkg.com/@types/hls.js/-/hls.js-0.12.6.tgz#89f3e8dc7bae293e78ceb17c0c884922fe2b870b"
  integrity sha512-WCyEefzkQwurOYREGL4vzS2ikXhPfwS2gl+29iB5mG9xEGG5ZunfTowcEBuMsYIjkEhEC7Agx66N76R+oUnpjw==

"@types/node@^13.13.4":
  version "13.13.4"
  resolved "https://registry.yarnpkg.com/@types/node/-/node-13.13.4.tgz#1581d6c16e3d4803eb079c87d4ac893ee7501c2c"
  integrity sha512-x26ur3dSXgv5AwKS0lNfbjpCakGIduWU1DU91Zz58ONRWrIKGunmZBNv4P7N+e27sJkiGDsw/3fT4AtsqQBrBA==

eventemitter3@3.1.0:
  version "3.1.0"
  resolved "https://registry.yarnpkg.com/eventemitter3/-/eventemitter3-3.1.0.tgz#090b4d6cdbd645ed10bf750d4b5407942d7ba163"
  integrity sha512-ivIvhpq/Y0uSjcHDcOIccjmYjGLcP09MFGE7ysAwkAvkXfpZlC985pH2/ui64DKazbTW/4kN3yqozUxlXzI6cA==

hls.js@^0.13.2:
  version "0.13.2"
  resolved "https://registry.yarnpkg.com/hls.js/-/hls.js-0.13.2.tgz#3e7dd28e3787c69c6aba42b64b11eb2c3c8c29f1"
  integrity sha512-sIg2t4uGpWQLzuK1Iid9614WOKqxj4OYg+EbFbhhTDCsxpENBN+Du3yBFnoi+a83DuOOHdiQd1ydnti9loSGXw==
  dependencies:
    eventemitter3 "3.1.0"
    url-toolkit "^2.1.6"

typescript@^3.8.3:
  version "3.8.3"
  resolved "https://registry.yarnpkg.com/typescript/-/typescript-3.8.3.tgz#409eb8544ea0335711205869ec458ab109ee1061"
  integrity sha512-MYlEfn5VrLNsgudQTVJeNaQFUAI7DkhnOjdpAp4T+ku1TfQClewlbSuTVHiA+8skNBgaf02TL/kLOvig4y3G8w==

url-toolkit@^2.1.6:
  version "2.1.6"
  resolved "https://registry.yarnpkg.com/url-toolkit/-/url-toolkit-2.1.6.tgz#6d03246499e519aad224c44044a4ae20544154f2"
  integrity sha512-UaZ2+50am4HwrV2crR/JAf63Q4VvPYphe63WGeoJxeu8gmOm0qxPt+KsukfakPNrX9aymGNEkkaoICwn+OuvBw==
